PODS:
  - CenteredCollectionView (2.2.1)
  - Nuke (7.5.2)
  - SnapKit (4.2.0)
  - Swinject (2.7.1)

DEPENDENCIES:
  - CenteredCollectionView
  - Nuke
  - SnapKit
  - Swinject

SPEC REPOS:
  trunk:
    - CenteredCollectionView
    - Nuke
    - SnapKit
    - Swinject

SPEC CHECKSUMS:
  CenteredCollectionView: ba6e45fb7774627890621d73c8dd7dbd33391da9
  Nuke: 0350d346a688426e8f2331253ef28dc2fc4f6178
  SnapKit: fe8a619752f3f27075cc9a90244d75c6c3f27e2a
  Swinject: ddf78b8486dd9b71a667b852cad919ab4484478e

PODFILE CHECKSUM: 93a32ccc7b9204490d1d4bb22420762f8e1b3e90

COCOAPODS: 1.8.4
