// !$*UTF8*$!
{
	archiveVersion = 1;
	classes = {
	};
	objectVersion = 51;
	objects = {

/* Begin PBXBuildFile section */
		0A039AED5078383F8B757293 /* SinglePostViewController.swift in Sources */ = {isa = PBXBuildFile; fileRef = DBBA08D01D76FA43FFA20D6B /* SinglePostViewController.swift */; };
		136B95454431B0B0430E4C5E /* SinglePostViewInput.swift in Sources */ = {isa = PBXBuildFile; fileRef = BC7541CB3FA31C9C4A9CCDC5 /* SinglePostViewInput.swift */; };
		4C31966C2673B85F4E60FBFF /* SinglePostViewOutput.swift in Sources */ = {isa = PBXBuildFile; fileRef = 2B8C3B90E0106CAD9C27C498 /* SinglePostViewOutput.swift */; };
		6816FF7623971BB7004E6F16 /* UIFont+Extensions.swift in Sources */ = {isa = PBXBuildFile; fileRef = 6816FF7523971BB7004E6F16 /* UIFont+Extensions.swift */; };
		6816FF7823971E7E004E6F16 /* String+Extensions.swift in Sources */ = {isa = PBXBuildFile; fileRef = 6816FF7723971E7E004E6F16 /* String+Extensions.swift */; };
		6831DC4123B00BA7008F450F /* Constants.swift in Sources */ = {isa = PBXBuildFile; fileRef = 6831DC4023B00BA7008F450F /* Constants.swift */; };
		6832B78623B0144600F49FAC /* Date+Extensions.swift in Sources */ = {isa = PBXBuildFile; fileRef = 6832B78523B0144600F49FAC /* Date+Extensions.swift */; };
		6880EDA823B002F500DA3F85 /* PageCollectionViewCell.swift in Sources */ = {isa = PBXBuildFile; fileRef = 6880EDA723B002F500DA3F85 /* PageCollectionViewCell.swift */; };
		68AF33622395C9B60007BE65 /* Post.swift in Sources */ = {isa = PBXBuildFile; fileRef = 68AF33612395C9B60007BE65 /* Post.swift */; };
		68CE767023B158AC00D2B19A /* ServiceLocator.swift in Sources */ = {isa = PBXBuildFile; fileRef = 68CE766F23B158AC00D2B19A /* ServiceLocator.swift */; };
		68CE767323B1657800D2B19A /* ModuleTransitionable.swift in Sources */ = {isa = PBXBuildFile; fileRef = 68CE767223B1657800D2B19A /* ModuleTransitionable.swift */; };
		68CE767523B1774900D2B19A /* CarouselRouter.swift in Sources */ = {isa = PBXBuildFile; fileRef = 68CE767423B1774900D2B19A /* CarouselRouter.swift */; };
		68E5C43523A5106500EC2817 /* ApiClient.swift in Sources */ = {isa = PBXBuildFile; fileRef = 68E5C43423A5106500EC2817 /* ApiClient.swift */; };
		68E5C43823A5112600EC2817 /* ApiClientMock.swift in Sources */ = {isa = PBXBuildFile; fileRef = 68E5C43723A5112600EC2817 /* ApiClientMock.swift */; };
		68E5C43B23A5129A00EC2817 /* CarouselViewController.swift in Sources */ = {isa = PBXBuildFile; fileRef = 68E5C43A23A5129A00EC2817 /* CarouselViewController.swift */; };
		68E5C43D23A512C500EC2817 /* CarouselModel.swift in Sources */ = {isa = PBXBuildFile; fileRef = 68E5C43C23A512C500EC2817 /* CarouselModel.swift */; };
		68E5C43F23A512FA00EC2817 /* CarouselPresenter.swift in Sources */ = {isa = PBXBuildFile; fileRef = 68E5C43E23A512FA00EC2817 /* CarouselPresenter.swift */; };
		6E4E672AF55F466C27F5E6A5 /* SinglePostRouterInput.swift in Sources */ = {isa = PBXBuildFile; fileRef = F1FAB845A5B61D30685086C3 /* SinglePostRouterInput.swift */; };
		6FE017454499139C3894C4AF /* Pods_instabook.framework in Frameworks */ = {isa = PBXBuildFile; fileRef = 1A9883992246293697609E3B /* Pods_instabook.framework */; };
		77A909D8D7267E94AE73070F /* SinglePostPresenter.swift in Sources */ = {isa = PBXBuildFile; fileRef = B4214795076D0260AD5261BE /* SinglePostPresenter.swift */; };
		B2F2D4504FD10C05592B7475 /* SinglePostModuleInput.swift in Sources */ = {isa = PBXBuildFile; fileRef = C7C6325AB0A74B0992FCEC16 /* SinglePostModuleInput.swift */; };
		B46AFFDB718D9F43CF3D84AF /* SinglePostRouter.swift in Sources */ = {isa = PBXBuildFile; fileRef = 2CA6EA139120F4D4E01183A1 /* SinglePostRouter.swift */; };
		CA77D42921B9C49C00DB3B2F /* AppDelegate.swift in Sources */ = {isa = PBXBuildFile; fileRef = CA77D42821B9C49C00DB3B2F /* AppDelegate.swift */; };
		CA77D42B21B9C49C00DB3B2F /* ViewController.swift in Sources */ = {isa = PBXBuildFile; fileRef = CA77D42A21B9C49C00DB3B2F /* ViewController.swift */; };
		CA77D42E21B9C49C00DB3B2F /* Main.storyboard in Resources */ = {isa = PBXBuildFile; fileRef = CA77D42C21B9C49C00DB3B2F /* Main.storyboard */; };
		CA77D43021B9C49D00DB3B2F /* Assets.xcassets in Resources */ = {isa = PBXBuildFile; fileRef = CA77D42F21B9C49D00DB3B2F /* Assets.xcassets */; };
		CA77D43321B9C49D00DB3B2F /* LaunchScreen.storyboard in Resources */ = {isa = PBXBuildFile; fileRef = CA77D43121B9C49D00DB3B2F /* LaunchScreen.storyboard */; };
		CA77D43B21B9C4BB00DB3B2F /* PageCreator.swift in Sources */ = {isa = PBXBuildFile; fileRef = CA77D43A21B9C4BB00DB3B2F /* PageCreator.swift */; };
		CA77D45121B9E34500DB3B2F /* MuseoSansCyrl_100.otf in Resources */ = {isa = PBXBuildFile; fileRef = CA77D44721B9E34500DB3B2F /* MuseoSansCyrl_100.otf */; };
		CA77D45221B9E34500DB3B2F /* MuseoSansCyrl_500_Italic.otf in Resources */ = {isa = PBXBuildFile; fileRef = CA77D44821B9E34500DB3B2F /* MuseoSansCyrl_500_Italic.otf */; };
		CA77D45321B9E34500DB3B2F /* MuseoSansCyrl_900_Italic.otf in Resources */ = {isa = PBXBuildFile; fileRef = CA77D44921B9E34500DB3B2F /* MuseoSansCyrl_900_Italic.otf */; };
		CA77D45421B9E34500DB3B2F /* MuseoSansCyrl_100_Italic.otf in Resources */ = {isa = PBXBuildFile; fileRef = CA77D44A21B9E34500DB3B2F /* MuseoSansCyrl_100_Italic.otf */; };
		CA77D45521B9E34500DB3B2F /* MuseoSansCyrl_300_Italic.otf in Resources */ = {isa = PBXBuildFile; fileRef = CA77D44B21B9E34500DB3B2F /* MuseoSansCyrl_300_Italic.otf */; };
		CA77D45621B9E34500DB3B2F /* MuseoSansCyrl_700_Italic.otf in Resources */ = {isa = PBXBuildFile; fileRef = CA77D44C21B9E34500DB3B2F /* MuseoSansCyrl_700_Italic.otf */; };
		CA77D45721B9E34500DB3B2F /* MuseoSansCyrl_700.otf in Resources */ = {isa = PBXBuildFile; fileRef = CA77D44D21B9E34500DB3B2F /* MuseoSansCyrl_700.otf */; };
		CA77D45821B9E34500DB3B2F /* MuseoSansCyrl_900.otf in Resources */ = {isa = PBXBuildFile; fileRef = CA77D44E21B9E34500DB3B2F /* MuseoSansCyrl_900.otf */; };
		CA77D45921B9E34500DB3B2F /* MuseoSansCyrl_300.otf in Resources */ = {isa = PBXBuildFile; fileRef = CA77D44F21B9E34500DB3B2F /* MuseoSansCyrl_300.otf */; };
		CA77D45A21B9E34500DB3B2F /* MuseoSansCyrl_500.otf in Resources */ = {isa = PBXBuildFile; fileRef = CA77D45021B9E34500DB3B2F /* MuseoSansCyrl_500.otf */; };
		CA77D45C21B9F1FB00DB3B2F /* source.json in Resources */ = {isa = PBXBuildFile; fileRef = CA77D45B21B9F1FB00DB3B2F /* source.json */; };
		CA77D45E21BA0CB000DB3B2F /* instabook_title.png in Resources */ = {isa = PBXBuildFile; fileRef = CA77D45D21BA0CB000DB3B2F /* instabook_title.png */; };
		CA77D46021BA0FC200DB3B2F /* instabook_back.png in Resources */ = {isa = PBXBuildFile; fileRef = CA77D45F21BA0FC200DB3B2F /* instabook_back.png */; };
		F7CC590AB7D8268D52374CA4 /* SinglePostModuleOutput.swift in Sources */ = {isa = PBXBuildFile; fileRef = F98B0217C2425B44927A15AF /* SinglePostModuleOutput.swift */; };
/* End PBXBuildFile section */

/* Begin PBXFileReference section */
		0C55C081C7A1FF21F666F53F /* Pods-instabook.debug.xcconfig */ = {isa = PBXFileReference; includeInIndex = 1; lastKnownFileType = text.xcconfig; name = "Pods-instabook.debug.xcconfig"; path = "Target Support Files/Pods-instabook/Pods-instabook.debug.xcconfig"; sourceTree = "<group>"; };
		1A9883992246293697609E3B /* Pods_instabook.framework */ = {isa = PBXFileReference; explicitFileType = wrapper.framework; includeInIndex = 0; path = Pods_instabook.framework; sourceTree = BUILT_PRODUCTS_DIR; };
		2B8C3B90E0106CAD9C27C498 /* SinglePostViewOutput.swift */ = {isa = PBXFileReference; includeInIndex = 1; lastKnownFileType = sourcecode.swift; path = SinglePostViewOutput.swift; sourceTree = "<group>"; };
		2CA6EA139120F4D4E01183A1 /* SinglePostRouter.swift */ = {isa = PBXFileReference; includeInIndex = 1; lastKnownFileType = sourcecode.swift; path = SinglePostRouter.swift; sourceTree = "<group>"; };
		6816FF7523971BB7004E6F16 /* UIFont+Extensions.swift */ = {isa = PBXFileReference; lastKnownFileType = sourcecode.swift; path = "UIFont+Extensions.swift"; sourceTree = "<group>"; };
		6816FF7723971E7E004E6F16 /* String+Extensions.swift */ = {isa = PBXFileReference; lastKnownFileType = sourcecode.swift; path = "String+Extensions.swift"; sourceTree = "<group>"; };
		6831DC4023B00BA7008F450F /* Constants.swift */ = {isa = PBXFileReference; lastKnownFileType = sourcecode.swift; path = Constants.swift; sourceTree = "<group>"; };
		6832B78523B0144600F49FAC /* Date+Extensions.swift */ = {isa = PBXFileReference; lastKnownFileType = sourcecode.swift; path = "Date+Extensions.swift"; sourceTree = "<group>"; };
		6880EDA723B002F500DA3F85 /* PageCollectionViewCell.swift */ = {isa = PBXFileReference; lastKnownFileType = sourcecode.swift; path = PageCollectionViewCell.swift; sourceTree = "<group>"; };
		68AF33612395C9B60007BE65 /* Post.swift */ = {isa = PBXFileReference; lastKnownFileType = sourcecode.swift; path = Post.swift; sourceTree = "<group>"; };
		68CE766F23B158AC00D2B19A /* ServiceLocator.swift */ = {isa = PBXFileReference; lastKnownFileType = sourcecode.swift; path = ServiceLocator.swift; sourceTree = "<group>"; };
		68CE767223B1657800D2B19A /* ModuleTransitionable.swift */ = {isa = PBXFileReference; lastKnownFileType = sourcecode.swift; path = ModuleTransitionable.swift; sourceTree = "<group>"; };
		68CE767423B1774900D2B19A /* CarouselRouter.swift */ = {isa = PBXFileReference; lastKnownFileType = sourcecode.swift; path = CarouselRouter.swift; sourceTree = "<group>"; };
		68E5C43423A5106500EC2817 /* ApiClient.swift */ = {isa = PBXFileReference; lastKnownFileType = sourcecode.swift; path = ApiClient.swift; sourceTree = "<group>"; };
		68E5C43723A5112600EC2817 /* ApiClientMock.swift */ = {isa = PBXFileReference; lastKnownFileType = sourcecode.swift; path = ApiClientMock.swift; sourceTree = "<group>"; };
		68E5C43A23A5129A00EC2817 /* CarouselViewController.swift */ = {isa = PBXFileReference; lastKnownFileType = sourcecode.swift; path = CarouselViewController.swift; sourceTree = "<group>"; };
		68E5C43C23A512C500EC2817 /* CarouselModel.swift */ = {isa = PBXFileReference; lastKnownFileType = sourcecode.swift; path = CarouselModel.swift; sourceTree = "<group>"; };
		68E5C43E23A512FA00EC2817 /* CarouselPresenter.swift */ = {isa = PBXFileReference; lastKnownFileType = sourcecode.swift; path = CarouselPresenter.swift; sourceTree = "<group>"; };
		B4214795076D0260AD5261BE /* SinglePostPresenter.swift */ = {isa = PBXFileReference; includeInIndex = 1; lastKnownFileType = sourcecode.swift; path = SinglePostPresenter.swift; sourceTree = "<group>"; };
		BC7541CB3FA31C9C4A9CCDC5 /* SinglePostViewInput.swift */ = {isa = PBXFileReference; includeInIndex = 1; lastKnownFileType = sourcecode.swift; path = SinglePostViewInput.swift; sourceTree = "<group>"; };
		C7C6325AB0A74B0992FCEC16 /* SinglePostModuleInput.swift */ = {isa = PBXFileReference; includeInIndex = 1; lastKnownFileType = sourcecode.swift; path = SinglePostModuleInput.swift; sourceTree = "<group>"; };
		CA77D42521B9C49C00DB3B2F /* instabook.app */ = {isa = PBXFileReference; explicitFileType = wrapper.application; includeInIndex = 0; path = instabook.app; sourceTree = BUILT_PRODUCTS_DIR; };
		CA77D42821B9C49C00DB3B2F /* AppDelegate.swift */ = {isa = PBXFileReference; lastKnownFileType = sourcecode.swift; path = AppDelegate.swift; sourceTree = "<group>"; };
		CA77D42A21B9C49C00DB3B2F /* ViewController.swift */ = {isa = PBXFileReference; lastKnownFileType = sourcecode.swift; path = ViewController.swift; sourceTree = "<group>"; };
		CA77D42D21B9C49C00DB3B2F /* Base */ = {isa = PBXFileReference; lastKnownFileType = file.storyboard; name = Base; path = Base.lproj/Main.storyboard; sourceTree = "<group>"; };
		CA77D42F21B9C49D00DB3B2F /* Assets.xcassets */ = {isa = PBXFileReference; lastKnownFileType = folder.assetcatalog; path = Assets.xcassets; sourceTree = "<group>"; };
		CA77D43221B9C49D00DB3B2F /* Base */ = {isa = PBXFileReference; lastKnownFileType = file.storyboard; name = Base; path = Base.lproj/LaunchScreen.storyboard; sourceTree = "<group>"; };
		CA77D43421B9C49D00DB3B2F /* Info.plist */ = {isa = PBXFileReference; lastKnownFileType = text.plist.xml; path = Info.plist; sourceTree = "<group>"; };
		CA77D43A21B9C4BB00DB3B2F /* PageCreator.swift */ = {isa = PBXFileReference; lastKnownFileType = sourcecode.swift; path = PageCreator.swift; sourceTree = "<group>"; };
		CA77D44721B9E34500DB3B2F /* MuseoSansCyrl_100.otf */ = {isa = PBXFileReference; lastKnownFileType = file; path = MuseoSansCyrl_100.otf; sourceTree = "<group>"; };
		CA77D44821B9E34500DB3B2F /* MuseoSansCyrl_500_Italic.otf */ = {isa = PBXFileReference; lastKnownFileType = file; path = MuseoSansCyrl_500_Italic.otf; sourceTree = "<group>"; };
		CA77D44921B9E34500DB3B2F /* MuseoSansCyrl_900_Italic.otf */ = {isa = PBXFileReference; lastKnownFileType = file; path = MuseoSansCyrl_900_Italic.otf; sourceTree = "<group>"; };
		CA77D44A21B9E34500DB3B2F /* MuseoSansCyrl_100_Italic.otf */ = {isa = PBXFileReference; lastKnownFileType = file; path = MuseoSansCyrl_100_Italic.otf; sourceTree = "<group>"; };
		CA77D44B21B9E34500DB3B2F /* MuseoSansCyrl_300_Italic.otf */ = {isa = PBXFileReference; lastKnownFileType = file; path = MuseoSansCyrl_300_Italic.otf; sourceTree = "<group>"; };
		CA77D44C21B9E34500DB3B2F /* MuseoSansCyrl_700_Italic.otf */ = {isa = PBXFileReference; lastKnownFileType = file; path = MuseoSansCyrl_700_Italic.otf; sourceTree = "<group>"; };
		CA77D44D21B9E34500DB3B2F /* MuseoSansCyrl_700.otf */ = {isa = PBXFileReference; lastKnownFileType = file; path = MuseoSansCyrl_700.otf; sourceTree = "<group>"; };
		CA77D44E21B9E34500DB3B2F /* MuseoSansCyrl_900.otf */ = {isa = PBXFileReference; lastKnownFileType = file; path = MuseoSansCyrl_900.otf; sourceTree = "<group>"; };
		CA77D44F21B9E34500DB3B2F /* MuseoSansCyrl_300.otf */ = {isa = PBXFileReference; lastKnownFileType = file; path = MuseoSansCyrl_300.otf; sourceTree = "<group>"; };
		CA77D45021B9E34500DB3B2F /* MuseoSansCyrl_500.otf */ = {isa = PBXFileReference; lastKnownFileType = file; path = MuseoSansCyrl_500.otf; sourceTree = "<group>"; };
		CA77D45B21B9F1FB00DB3B2F /* source.json */ = {isa = PBXFileReference; lastKnownFileType = text.json; path = source.json; sourceTree = "<group>"; };
		CA77D45D21BA0CB000DB3B2F /* instabook_title.png */ = {isa = PBXFileReference; lastKnownFileType = image.png; path = instabook_title.png; sourceTree = "<group>"; };
		CA77D45F21BA0FC200DB3B2F /* instabook_back.png */ = {isa = PBXFileReference; lastKnownFileType = image.png; path = instabook_back.png; sourceTree = "<group>"; };
		DBBA08D01D76FA43FFA20D6B /* SinglePostViewController.swift */ = {isa = PBXFileReference; includeInIndex = 1; lastKnownFileType = sourcecode.swift; path = SinglePostViewController.swift; sourceTree = "<group>"; };
		E7BA4E2BDBF0F239EEE8A9E6 /* Pods-instabook.release.xcconfig */ = {isa = PBXFileReference; includeInIndex = 1; lastKnownFileType = text.xcconfig; name = "Pods-instabook.release.xcconfig"; path = "Target Support Files/Pods-instabook/Pods-instabook.release.xcconfig"; sourceTree = "<group>"; };
		F1FAB845A5B61D30685086C3 /* SinglePostRouterInput.swift */ = {isa = PBXFileReference; includeInIndex = 1; lastKnownFileType = sourcecode.swift; path = SinglePostRouterInput.swift; sourceTree = "<group>"; };
		F98B0217C2425B44927A15AF /* SinglePostModuleOutput.swift */ = {isa = PBXFileReference; includeInIndex = 1; lastKnownFileType = sourcecode.swift; path = SinglePostModuleOutput.swift; sourceTree = "<group>"; };
/* End PBXFileReference section */

/* Begin PBXFrameworksBuildPhase section */
		CA77D42221B9C49C00DB3B2F /* Frameworks */ = {
			isa = PBXFrameworksBuildPhase;
			buildActionMask = 2147483647;
			files = (
				6FE017454499139C3894C4AF /* Pods_instabook.framework in Frameworks */,
			);
			runOnlyForDeploymentPostprocessing = 0;
		};
/* End PBXFrameworksBuildPhase section */

/* Begin PBXGroup section */
		0FFCFDEA8037E5DA6D8EB0FB /* Frameworks */ = {
			isa = PBXGroup;
			children = (
				1A9883992246293697609E3B /* Pods_instabook.framework */,
			);
			name = Frameworks;
			sourceTree = "<group>";
		};
		33459C406C813177EB5D2092 /* View */ = {
			isa = PBXGroup;
			children = (
				DBBA08D01D76FA43FFA20D6B /* SinglePostViewController.swift */,
				BC7541CB3FA31C9C4A9CCDC5 /* SinglePostViewInput.swift */,
				2B8C3B90E0106CAD9C27C498 /* SinglePostViewOutput.swift */,
			);
			path = View;
			sourceTree = "<group>";
		};
		48EF56D82A397C2A1C1E6456 /* Pods */ = {
			isa = PBXGroup;
			children = (
				0C55C081C7A1FF21F666F53F /* Pods-instabook.debug.xcconfig */,
				E7BA4E2BDBF0F239EEE8A9E6 /* Pods-instabook.release.xcconfig */,
			);
			path = Pods;
			sourceTree = "<group>";
		};
		6880EDA623B002D300DA3F85 /* Views */ = {
			isa = PBXGroup;
			children = (
				6880EDA723B002F500DA3F85 /* PageCollectionViewCell.swift */,
			);
			path = Views;
			sourceTree = "<group>";
		};
		68AF33602395C9A40007BE65 /* Model */ = {
			isa = PBXGroup;
			children = (
				68AF33612395C9B60007BE65 /* Post.swift */,
			);
			path = Model;
			sourceTree = "<group>";
		};
		68AF33632395CD310007BE65 /* Modules */ = {
			isa = PBXGroup;
			children = (
				68CE767123B1655700D2B19A /* Base */,
				68E5C43923A5128D00EC2817 /* Carousel */,
				6F01B49D8CC29E190BE36763 /* SinglePost */,
			);
			path = Modules;
			sourceTree = "<group>";
		};
		68AF33692395D2FC0007BE65 /* Extensions */ = {
			isa = PBXGroup;
			children = (
				6816FF7523971BB7004E6F16 /* UIFont+Extensions.swift */,
				6816FF7723971E7E004E6F16 /* String+Extensions.swift */,
				6832B78523B0144600F49FAC /* Date+Extensions.swift */,
			);
			path = Extensions;
			sourceTree = "<group>";
		};
		68CE766E23B157C100D2B19A /* Dependencies */ = {
			isa = PBXGroup;
			children = (
				68CE766F23B158AC00D2B19A /* ServiceLocator.swift */,
			);
			path = Dependencies;
			sourceTree = "<group>";
		};
		68CE767123B1655700D2B19A /* Base */ = {
			isa = PBXGroup;
			children = (
				68CE767223B1657800D2B19A /* ModuleTransitionable.swift */,
			);
			path = Base;
			sourceTree = "<group>";
		};
		68E5C43323A5105300EC2817 /* Networking */ = {
			isa = PBXGroup;
			children = (
				68E5C43423A5106500EC2817 /* ApiClient.swift */,
				68E5C43623A510BD00EC2817 /* Mock */,
			);
			path = Networking;
			sourceTree = "<group>";
		};
		68E5C43623A510BD00EC2817 /* Mock */ = {
			isa = PBXGroup;
			children = (
				68E5C43723A5112600EC2817 /* ApiClientMock.swift */,
			);
			path = Mock;
			sourceTree = "<group>";
		};
		68E5C43923A5128D00EC2817 /* Carousel */ = {
			isa = PBXGroup;
			children = (
				6880EDA623B002D300DA3F85 /* Views */,
				68E5C43A23A5129A00EC2817 /* CarouselViewController.swift */,
				68CE767423B1774900D2B19A /* CarouselRouter.swift */,
				68E5C43C23A512C500EC2817 /* CarouselModel.swift */,
				68E5C43E23A512FA00EC2817 /* CarouselPresenter.swift */,
			);
			path = Carousel;
			sourceTree = "<group>";
		};
		6F01B49D8CC29E190BE36763 /* SinglePost */ = {
			isa = PBXGroup;
			children = (
				8431697EF054868E91673EAA /* Router */,
				96BEE38D316FB9D8D52980DA /* Presenter */,
				33459C406C813177EB5D2092 /* View */,
			);
			path = SinglePost;
			sourceTree = "<group>";
		};
		8431697EF054868E91673EAA /* Router */ = {
			isa = PBXGroup;
			children = (
				2CA6EA139120F4D4E01183A1 /* SinglePostRouter.swift */,
				F1FAB845A5B61D30685086C3 /* SinglePostRouterInput.swift */,
			);
			path = Router;
			sourceTree = "<group>";
		};
		96BEE38D316FB9D8D52980DA /* Presenter */ = {
			isa = PBXGroup;
			children = (
				B4214795076D0260AD5261BE /* SinglePostPresenter.swift */,
				C7C6325AB0A74B0992FCEC16 /* SinglePostModuleInput.swift */,
				F98B0217C2425B44927A15AF /* SinglePostModuleOutput.swift */,
			);
			path = Presenter;
			sourceTree = "<group>";
		};
		CA77D41C21B9C49C00DB3B2F = {
			isa = PBXGroup;
			children = (
				CA77D42721B9C49C00DB3B2F /* instabook */,
				CA77D42621B9C49C00DB3B2F /* Products */,
				48EF56D82A397C2A1C1E6456 /* Pods */,
				0FFCFDEA8037E5DA6D8EB0FB /* Frameworks */,
			);
			sourceTree = "<group>";
		};
		CA77D42621B9C49C00DB3B2F /* Products */ = {
			isa = PBXGroup;
			children = (
				CA77D42521B9C49C00DB3B2F /* instabook.app */,
			);
			name = Products;
			sourceTree = "<group>";
		};
		CA77D42721B9C49C00DB3B2F /* instabook */ = {
			isa = PBXGroup;
			children = (
				CA77D42821B9C49C00DB3B2F /* AppDelegate.swift */,
				CA77D42A21B9C49C00DB3B2F /* ViewController.swift */,
				CA77D43A21B9C4BB00DB3B2F /* PageCreator.swift */,
				68CE766E23B157C100D2B19A /* Dependencies */,
				68E5C43323A5105300EC2817 /* Networking */,
				68AF33632395CD310007BE65 /* Modules */,
				68AF33602395C9A40007BE65 /* Model */,
				68AF33692395D2FC0007BE65 /* Extensions */,
				CA77D42C21B9C49C00DB3B2F /* Main.storyboard */,
				6831DC4023B00BA7008F450F /* Constants.swift */,
				CA77D42F21B9C49D00DB3B2F /* Assets.xcassets */,
				CA77D43121B9C49D00DB3B2F /* LaunchScreen.storyboard */,
				CA77D43421B9C49D00DB3B2F /* Info.plist */,
				CA77D43C21B9E14A00DB3B2F /* Resources */,
			);
			path = instabook;
			sourceTree = "<group>";
		};
		CA77D43C21B9E14A00DB3B2F /* Resources */ = {
			isa = PBXGroup;
			children = (
				CA77D44A21B9E34500DB3B2F /* MuseoSansCyrl_100_Italic.otf */,
				CA77D44721B9E34500DB3B2F /* MuseoSansCyrl_100.otf */,
				CA77D44B21B9E34500DB3B2F /* MuseoSansCyrl_300_Italic.otf */,
				CA77D44F21B9E34500DB3B2F /* MuseoSansCyrl_300.otf */,
				CA77D44821B9E34500DB3B2F /* MuseoSansCyrl_500_Italic.otf */,
				CA77D45021B9E34500DB3B2F /* MuseoSansCyrl_500.otf */,
				CA77D44C21B9E34500DB3B2F /* MuseoSansCyrl_700_Italic.otf */,
				CA77D44D21B9E34500DB3B2F /* MuseoSansCyrl_700.otf */,
				CA77D44921B9E34500DB3B2F /* MuseoSansCyrl_900_Italic.otf */,
				CA77D44E21B9E34500DB3B2F /* MuseoSansCyrl_900.otf */,
				CA77D45F21BA0FC200DB3B2F /* instabook_back.png */,
				CA77D45D21BA0CB000DB3B2F /* instabook_title.png */,
				CA77D45B21B9F1FB00DB3B2F /* source.json */,
			);
			path = Resources;
			sourceTree = "<group>";
		};
/* End PBXGroup section */

/* Begin PBXNativeTarget section */
		CA77D42421B9C49C00DB3B2F /* instabook */ = {
			isa = PBXNativeTarget;
			buildConfigurationList = CA77D43721B9C49D00DB3B2F /* Build configuration list for PBXNativeTarget "instabook" */;
			buildPhases = (
				3FB4DB9A0640F20D727544E5 /* [CP] Check Pods Manifest.lock */,
				CA77D42121B9C49C00DB3B2F /* Sources */,
				CA77D42221B9C49C00DB3B2F /* Frameworks */,
				CA77D42321B9C49C00DB3B2F /* Resources */,
				EB9952C9839430EC57D4A03A /* [CP] Embed Pods Frameworks */,
			);
			buildRules = (
			);
			dependencies = (
			);
			name = instabook;
			productName = instabook;
			productReference = CA77D42521B9C49C00DB3B2F /* instabook.app */;
			productType = "com.apple.product-type.application";
		};
/* End PBXNativeTarget section */

/* Begin PBXProject section */
		CA77D41D21B9C49C00DB3B2F /* Project object */ = {
			isa = PBXProject;
			attributes = {
				LastSwiftUpdateCheck = 1000;
				LastUpgradeCheck = 1000;
				ORGANIZATIONNAME = "Stanislav Buldakov";
				TargetAttributes = {
					CA77D42421B9C49C00DB3B2F = {
						CreatedOnToolsVersion = 10.0;
					};
				};
			};
			buildConfigurationList = CA77D42021B9C49C00DB3B2F /* Build configuration list for PBXProject "instabook" */;
			compatibilityVersion = "Xcode 9.3";
			developmentRegion = en;
			hasScannedForEncodings = 0;
			knownRegions = (
				en,
				Base,
			);
			mainGroup = CA77D41C21B9C49C00DB3B2F;
			productRefGroup = CA77D42621B9C49C00DB3B2F /* Products */;
			projectDirPath = "";
			projectRoot = "";
			targets = (
				CA77D42421B9C49C00DB3B2F /* instabook */,
			);
		};
/* End PBXProject section */

/* Begin PBXResourcesBuildPhase section */
		CA77D42321B9C49C00DB3B2F /* Resources */ = {
			isa = PBXResourcesBuildPhase;
			buildActionMask = 2147483647;
			files = (
				CA77D45A21B9E34500DB3B2F /* MuseoSansCyrl_500.otf in Resources */,
				CA77D45421B9E34500DB3B2F /* MuseoSansCyrl_100_Italic.otf in Resources */,
				CA77D45121B9E34500DB3B2F /* MuseoSansCyrl_100.otf in Resources */,
				CA77D45521B9E34500DB3B2F /* MuseoSansCyrl_300_Italic.otf in Resources */,
				CA77D45621B9E34500DB3B2F /* MuseoSansCyrl_700_Italic.otf in Resources */,
				CA77D45221B9E34500DB3B2F /* MuseoSansCyrl_500_Italic.otf in Resources */,
				CA77D45821B9E34500DB3B2F /* MuseoSansCyrl_900.otf in Resources */,
				CA77D45E21BA0CB000DB3B2F /* instabook_title.png in Resources */,
				CA77D45921B9E34500DB3B2F /* MuseoSansCyrl_300.otf in Resources */,
				CA77D45321B9E34500DB3B2F /* MuseoSansCyrl_900_Italic.otf in Resources */,
				CA77D43321B9C49D00DB3B2F /* LaunchScreen.storyboard in Resources */,
				CA77D45C21B9F1FB00DB3B2F /* source.json in Resources */,
				CA77D43021B9C49D00DB3B2F /* Assets.xcassets in Resources */,
				CA77D45721B9E34500DB3B2F /* MuseoSansCyrl_700.otf in Resources */,
				CA77D42E21B9C49C00DB3B2F /* Main.storyboard in Resources */,
				CA77D46021BA0FC200DB3B2F /* instabook_back.png in Resources */,
			);
			runOnlyForDeploymentPostprocessing = 0;
		};
/* End PBXResourcesBuildPhase section */

/* Begin PBXShellScriptBuildPhase section */
		3FB4DB9A0640F20D727544E5 /* [CP] Check Pods Manifest.lock */ = {
			isa = PBXShellScriptBuildPhase;
			buildActionMask = 2147483647;
			files = (
			);
			inputFileListPaths = (
			);
			inputPaths = (
				"${PODS_PODFILE_DIR_PATH}/Podfile.lock",
				"${PODS_ROOT}/Manifest.lock",
			);
			name = "[CP] Check Pods Manifest.lock";
			outputFileListPaths = (
			);
			outputPaths = (
				"$(DERIVED_FILE_DIR)/Pods-instabook-checkManifestLockResult.txt",
			);
			runOnlyForDeploymentPostprocessing = 0;
			shellPath = /bin/sh;
			shellScript = "diff \"${PODS_PODFILE_DIR_PATH}/Podfile.lock\" \"${PODS_ROOT}/Manifest.lock\" > /dev/null\nif [ $? != 0 ] ; then\n    # print error to STDERR\n    echo \"error: The sandbox is not in sync with the Podfile.lock. Run 'pod install' or update your CocoaPods installation.\" >&2\n    exit 1\nfi\n# This output is used by Xcode 'outputs' to avoid re-running this script phase.\necho \"SUCCESS\" > \"${SCRIPT_OUTPUT_FILE_0}\"\n";
			showEnvVarsInLog = 0;
		};
		EB9952C9839430EC57D4A03A /* [CP] Embed Pods Frameworks */ = {
			isa = PBXShellScriptBuildPhase;
			buildActionMask = 2147483647;
			files = (
			);
			inputFileListPaths = (
				"${PODS_ROOT}/Target Support Files/Pods-instabook/Pods-instabook-frameworks-${CONFIGURATION}-input-files.xcfilelist",
			);
			name = "[CP] Embed Pods Frameworks";
			outputFileListPaths = (
				"${PODS_ROOT}/Target Support Files/Pods-instabook/Pods-instabook-frameworks-${CONFIGURATION}-output-files.xcfilelist",
			);
			runOnlyForDeploymentPostprocessing = 0;
			shellPath = /bin/sh;
			shellScript = "\"${PODS_ROOT}/Target Support Files/Pods-instabook/Pods-instabook-frameworks.sh\"\n";
			showEnvVarsInLog = 0;
		};
/* End PBXShellScriptBuildPhase section */

/* Begin PBXSourcesBuildPhase section */
		CA77D42121B9C49C00DB3B2F /* Sources */ = {
			isa = PBXSourcesBuildPhase;
			buildActionMask = 2147483647;
			files = (
				68E5C43B23A5129A00EC2817 /* CarouselViewController.swift in Sources */,
				68AF33622395C9B60007BE65 /* Post.swift in Sources */,
				68CE767323B1657800D2B19A /* ModuleTransitionable.swift in Sources */,
				68E5C43523A5106500EC2817 /* ApiClient.swift in Sources */,
				68CE767023B158AC00D2B19A /* ServiceLocator.swift in Sources */,
				68E5C43823A5112600EC2817 /* ApiClientMock.swift in Sources */,
				68E5C43D23A512C500EC2817 /* CarouselModel.swift in Sources */,
				6832B78623B0144600F49FAC /* Date+Extensions.swift in Sources */,
				68E5C43F23A512FA00EC2817 /* CarouselPresenter.swift in Sources */,
				CA77D43B21B9C4BB00DB3B2F /* PageCreator.swift in Sources */,
				6831DC4123B00BA7008F450F /* Constants.swift in Sources */,
				6816FF7823971E7E004E6F16 /* String+Extensions.swift in Sources */,
				CA77D42B21B9C49C00DB3B2F /* ViewController.swift in Sources */,
				CA77D42921B9C49C00DB3B2F /* AppDelegate.swift in Sources */,
				6816FF7623971BB7004E6F16 /* UIFont+Extensions.swift in Sources */,
				68CE767523B1774900D2B19A /* CarouselRouter.swift in Sources */,
				6880EDA823B002F500DA3F85 /* PageCollectionViewCell.swift in Sources */,
				B46AFFDB718D9F43CF3D84AF /* SinglePostRouter.swift in Sources */,
				6E4E672AF55F466C27F5E6A5 /* SinglePostRouterInput.swift in Sources */,
				77A909D8D7267E94AE73070F /* SinglePostPresenter.swift in Sources */,
				B2F2D4504FD10C05592B7475 /* SinglePostModuleInput.swift in Sources */,
				F7CC590AB7D8268D52374CA4 /* SinglePostModuleOutput.swift in Sources */,
				0A039AED5078383F8B757293 /* SinglePostViewController.swift in Sources */,
				136B95454431B0B0430E4C5E /* SinglePostViewInput.swift in Sources */,
				4C31966C2673B85F4E60FBFF /* SinglePostViewOutput.swift in Sources */,
			);
			runOnlyForDeploymentPostprocessing = 0;
		};
/* End PBXSourcesBuildPhase section */

/* Begin PBXVariantGroup section */
		CA77D42C21B9C49C00DB3B2F /* Main.storyboard */ = {
			isa = PBXVariantGroup;
			children = (
				CA77D42D21B9C49C00DB3B2F /* Base */,
			);
			name = Main.storyboard;
			sourceTree = "<group>";
		};
		CA77D43121B9C49D00DB3B2F /* LaunchScreen.storyboard */ = {
			isa = PBXVariantGroup;
			children = (
				CA77D43221B9C49D00DB3B2F /* Base */,
			);
			name = LaunchScreen.storyboard;
			sourceTree = "<group>";
		};
/* End PBXVariantGroup section */

/* Begin XCBuildConfiguration section */
		CA77D43521B9C49D00DB3B2F /* Debug */ = {
			isa = XCBuildConfiguration;
			buildSettings = {
				ALWAYS_SEARCH_USER_PATHS = NO;
				CLANG_ANALYZER_NONNULL = YES;
				CLANG_ANALYZER_NUMBER_OBJECT_CONVERSION = YES_AGGRESSIVE;
				CLANG_CXX_LANGUAGE_STANDARD = "gnu++14";
				CLANG_CXX_LIBRARY = "libc++";
				CLANG_ENABLE_MODULES = YES;
				CLANG_ENABLE_OBJC_ARC = YES;
				CLANG_ENABLE_OBJC_WEAK = YES;
				CLANG_WARN_BLOCK_CAPTURE_AUTORELEASING = YES;
				CLANG_WARN_BOOL_CONVERSION = YES;
				CLANG_WARN_COMMA = YES;
				CLANG_WARN_CONSTANT_CONVERSION = YES;
				CLANG_WARN_DEPRECATED_OBJC_IMPLEMENTATIONS = YES;
				CLANG_WARN_DIRECT_OBJC_ISA_USAGE = YES_ERROR;
				CLANG_WARN_DOCUMENTATION_COMMENTS = YES;
				CLANG_WARN_EMPTY_BODY = YES;
				CLANG_WARN_ENUM_CONVERSION = YES;
				CLANG_WARN_INFINITE_RECURSION = YES;
				CLANG_WARN_INT_CONVERSION = YES;
				CLANG_WARN_NON_LITERAL_NULL_CONVERSION = YES;
				CLANG_WARN_OBJC_IMPLICIT_RETAIN_SELF = YES;
				CLANG_WARN_OBJC_LITERAL_CONVERSION = YES;
				CLANG_WARN_OBJC_ROOT_CLASS = YES_ERROR;
				CLANG_WARN_RANGE_LOOP_ANALYSIS = YES;
				CLANG_WARN_STRICT_PROTOTYPES = YES;
				CLANG_WARN_SUSPICIOUS_MOVE = YES;
				CLANG_WARN_UNGUARDED_AVAILABILITY = YES_AGGRESSIVE;
				CLANG_WARN_UNREACHABLE_CODE = YES;
				CLANG_WARN__DUPLICATE_METHOD_MATCH = YES;
				CODE_SIGN_IDENTITY = "iPhone Developer";
				COPY_PHASE_STRIP = NO;
				DEBUG_INFORMATION_FORMAT = dwarf;
				ENABLE_STRICT_OBJC_MSGSEND = YES;
				ENABLE_TESTABILITY = YES;
				GCC_C_LANGUAGE_STANDARD = gnu11;
				GCC_DYNAMIC_NO_PIC = NO;
				GCC_NO_COMMON_BLOCKS = YES;
				GCC_OPTIMIZATION_LEVEL = 0;
				GCC_PREPROCESSOR_DEFINITIONS = (
					"DEBUG=1",
					"$(inherited)",
				);
				GCC_WARN_64_TO_32_BIT_CONVERSION = YES;
				GCC_WARN_ABOUT_RETURN_TYPE = YES_ERROR;
				GCC_WARN_UNDECLARED_SELECTOR = YES;
				GCC_WARN_UNINITIALIZED_AUTOS = YES_AGGRESSIVE;
				GCC_WARN_UNUSED_FUNCTION = YES;
				GCC_WARN_UNUSED_VARIABLE = YES;
				IPHONEOS_DEPLOYMENT_TARGET = 12.0;
				MTL_ENABLE_DEBUG_INFO = INCLUDE_SOURCE;
				MTL_FAST_MATH = YES;
				ONLY_ACTIVE_ARCH = YES;
				SDKROOT = iphoneos;
				SWIFT_ACTIVE_COMPILATION_CONDITIONS = DEBUG;
				SWIFT_OPTIMIZATION_LEVEL = "-Onone";
			};
			name = Debug;
		};
		CA77D43621B9C49D00DB3B2F /* Release */ = {
			isa = XCBuildConfiguration;
			buildSettings = {
				ALWAYS_SEARCH_USER_PATHS = NO;
				CLANG_ANALYZER_NONNULL = YES;
				CLANG_ANALYZER_NUMBER_OBJECT_CONVERSION = YES_AGGRESSIVE;
				CLANG_CXX_LANGUAGE_STANDARD = "gnu++14";
				CLANG_CXX_LIBRARY = "libc++";
				CLANG_ENABLE_MODULES = YES;
				CLANG_ENABLE_OBJC_ARC = YES;
				CLANG_ENABLE_OBJC_WEAK = YES;
				CLANG_WARN_BLOCK_CAPTURE_AUTORELEASING = YES;
				CLANG_WARN_BOOL_CONVERSION = YES;
				CLANG_WARN_COMMA = YES;
				CLANG_WARN_CONSTANT_CONVERSION = YES;
				CLANG_WARN_DEPRECATED_OBJC_IMPLEMENTATIONS = YES;
				CLANG_WARN_DIRECT_OBJC_ISA_USAGE = YES_ERROR;
				CLANG_WARN_DOCUMENTATION_COMMENTS = YES;
				CLANG_WARN_EMPTY_BODY = YES;
				CLANG_WARN_ENUM_CONVERSION = YES;
				CLANG_WARN_INFINITE_RECURSION = YES;
				CLANG_WARN_INT_CONVERSION = YES;
				CLANG_WARN_NON_LITERAL_NULL_CONVERSION = YES;
				CLANG_WARN_OBJC_IMPLICIT_RETAIN_SELF = YES;
				CLANG_WARN_OBJC_LITERAL_CONVERSION = YES;
				CLANG_WARN_OBJC_ROOT_CLASS = YES_ERROR;
				CLANG_WARN_RANGE_LOOP_ANALYSIS = YES;
				CLANG_WARN_STRICT_PROTOTYPES = YES;
				CLANG_WARN_SUSPICIOUS_MOVE = YES;
				CLANG_WARN_UNGUARDED_AVAILABILITY = YES_AGGRESSIVE;
				CLANG_WARN_UNREACHABLE_CODE = YES;
				CLANG_WARN__DUPLICATE_METHOD_MATCH = YES;
				CODE_SIGN_IDENTITY = "iPhone Developer";
				COPY_PHASE_STRIP = NO;
				DEBUG_INFORMATION_FORMAT = "dwarf-with-dsym";
				ENABLE_NS_ASSERTIONS = NO;
				ENABLE_STRICT_OBJC_MSGSEND = YES;
				GCC_C_LANGUAGE_STANDARD = gnu11;
				GCC_NO_COMMON_BLOCKS = YES;
				GCC_WARN_64_TO_32_BIT_CONVERSION = YES;
				GCC_WARN_ABOUT_RETURN_TYPE = YES_ERROR;
				GCC_WARN_UNDECLARED_SELECTOR = YES;
				GCC_WARN_UNINITIALIZED_AUTOS = YES_AGGRESSIVE;
				GCC_WARN_UNUSED_FUNCTION = YES;
				GCC_WARN_UNUSED_VARIABLE = YES;
				IPHONEOS_DEPLOYMENT_TARGET = 12.0;
				MTL_ENABLE_DEBUG_INFO = NO;
				MTL_FAST_MATH = YES;
				SDKROOT = iphoneos;
				SWIFT_COMPILATION_MODE = wholemodule;
				SWIFT_OPTIMIZATION_LEVEL = "-O";
				VALIDATE_PRODUCT = YES;
			};
			name = Release;
		};
		CA77D43821B9C49D00DB3B2F /* Debug */ = {
			isa = XCBuildConfiguration;
			baseConfigurationReference = 0C55C081C7A1FF21F666F53F /* Pods-instabook.debug.xcconfig */;
			buildSettings = {
				ASSETCATALOG_COMPILER_APPICON_NAME = AppIcon;
				CODE_SIGN_IDENTITY = "Apple Development";
				CODE_SIGN_STYLE = Automatic;
				DEVELOPMENT_TEAM = JVAH8GV7XJ;
				INFOPLIST_FILE = instabook/Info.plist;
				IPHONEOS_DEPLOYMENT_TARGET = 9.2;
				LD_RUNPATH_SEARCH_PATHS = (
					"$(inherited)",
					"@executable_path/Frameworks",
				);
				PRODUCT_BUNDLE_IDENTIFIER = com.doska.instabook;
				PRODUCT_NAME = "$(TARGET_NAME)";
				PROVISIONING_PROFILE_SPECIFIER = "";
				SWIFT_VERSION = 4.2;
				TARGETED_DEVICE_FAMILY = "1,2";
			};
			name = Debug;
		};
		CA77D43921B9C49D00DB3B2F /* Release */ = {
			isa = XCBuildConfiguration;
			baseConfigurationReference = E7BA4E2BDBF0F239EEE8A9E6 /* Pods-instabook.release.xcconfig */;
			buildSettings = {
				ASSETCATALOG_COMPILER_APPICON_NAME = AppIcon;
				CODE_SIGN_IDENTITY = "Apple Development";
				CODE_SIGN_STYLE = Automatic;
				DEVELOPMENT_TEAM = B8Q88CYQ99;
				INFOPLIST_FILE = instabook/Info.plist;
				IPHONEOS_DEPLOYMENT_TARGET = 9.2;
				LD_RUNPATH_SEARCH_PATHS = (
					"$(inherited)",
					"@executable_path/Frameworks",
				);
				PRODUCT_BUNDLE_IDENTIFIER = com.instabook.instabook;
				PRODUCT_NAME = "$(TARGET_NAME)";
				PROVISIONING_PROFILE_SPECIFIER = "";
				SWIFT_VERSION = 4.2;
				TARGETED_DEVICE_FAMILY = "1,2";
			};
			name = Release;
		};
/* End XCBuildConfiguration section */

/* Begin XCConfigurationList section */
		CA77D42021B9C49C00DB3B2F /* Build configuration list for PBXProject "instabook" */ = {
			isa = XCConfigurationList;
			buildConfigurations = (
				CA77D43521B9C49D00DB3B2F /* Debug */,
				CA77D43621B9C49D00DB3B2F /* Release */,
			);
			defaultConfigurationIsVisible = 0;
			defaultConfigurationName = Release;
		};
		CA77D43721B9C49D00DB3B2F /* Build configuration list for PBXNativeTarget "instabook" */ = {
			isa = XCConfigurationList;
			buildConfigurations = (
				CA77D43821B9C49D00DB3B2F /* Debug */,
				CA77D43921B9C49D00DB3B2F /* Release */,
			);
			defaultConfigurationIsVisible = 0;
			defaultConfigurationName = Release;
		};
/* End XCConfigurationList section */
	};
	rootObject = CA77D41D21B9C49C00DB3B2F /* Project object */;
}
